
Microsoft Visual Studio Solution File, Format Version 12.00
# Visual Studio Version 16
VisualStudioVersion = 16.0.30621.155
MinimumVisualStudioVersion = 10.0.40219.1
Project("{8BC9CEB8-8B4A-11D0-8D11-00A0C91BC942}") = "prog3", "prog3.vcxproj", "{6A73BB99-FC65-461F-8592-A9DC9E057CF4}"
EndProject
Global
	GlobalSection(SolutionConfigurationPlatforms) = preSolution
		Debug|x64 = Debug|x64
		Debug|x86 = Debug|x86
		Release|x64 = Release|x64
		Release|x86 = Release|x86
	EndGlobalSection
	GlobalSection(ProjectConfigurationPlatforms) = postSolution
		{6A73BB99-FC65-461F-8592-A9DC9E057CF4}.Debug|x64.ActiveCfg = Debug|x64
		{6A73BB99-FC65-461F-8592-A9DC9E057CF4}.Debug|x64.Build.0 = Debug|x64
		{6A73BB99-FC65-461F-8592-A9DC9E057CF4}.Debug|x86.ActiveCfg = Debug|Win32
		{6A73BB99-FC65-461F-8592-A9DC9E057CF4}.Debug|x86.Build.0 = Debug|Win32
		{6A73BB99-FC65-461F-8592-A9DC9E057CF4}.Release|x64.ActiveCfg = Release|x64
		{6A73BB99-FC65-461F-8592-A9DC9E057CF4}.Release|x64.Build.0 = Release|x64
		{6A73BB99-FC65-461F-8592-A9DC9E057CF4}.Release|x86.ActiveCfg = Release|Win32
		{6A73BB99-FC65-461F-8592-A9DC9E057CF4}.Release|x86.Build.0 = Release|Win32
	EndGlobalSection
	GlobalSection(SolutionProperties) = preSolution
		HideSolutionNode = FALSE
	EndGlobalSection
	GlobalSection(ExtensibilityGlobals) = postSolution
		SolutionGuid = {160EB030-4955-4347-B81C-FC4F9C8ABB66}
	EndGlobalSection
EndGlobal
